{
  "name": "tessel-code",
  "version": "0.0.0",
  "lockfileVersion": 1,
  "dependencies": {
    "coordinator": {
      "version": "0.4.7",
      "resolved": "https://registry.npmjs.org/coordinator/-/coordinator-0.4.7.tgz",
      "integrity": "sha1-S3IKMsD9DjsW1YW0T9sEX93+fhQ="
    },
    "gps-a2235h": {
      "version": "0.3.1",
      "resolved": "https://registry.npmjs.org/gps-a2235h/-/gps-a2235h-0.3.1.tgz",
      "integrity": "sha1-xE5cKGzXyKrKmVQG9YblisVOetE="
    },
    "jsonparse": {
      "version": "0.0.5",
      "resolved": "https://registry.npmjs.org/jsonparse/-/jsonparse-0.0.5.tgz",
      "integrity": "sha1-MwVCrT8KZUZlt3jz6y2an6UHrGQ="
    },
    "JSONStream": {
      "version": "0.7.4",
      "resolved": "https://registry.npmjs.org/JSONStream/-/JSONStream-0.7.4.tgz",
      "integrity": "sha1-c0KQ5BUR7qfCz+FR+/mlY6l7l4Y="
    },
    "nmea": {
      "version": "0.0.9",
      "resolved": "https://registry.npmjs.org/nmea/-/nmea-0.0.9.tgz",
      "integrity": "sha1-J/JwbFH+CHl/4GbiCrvCZHTvsLM="
    },
    "through": {
      "version": "2.3.8",
      "resolved": "https://registry.npmjs.org/through/-/through-2.3.8.tgz",
      "integrity": "sha1-DdTJ/6q8NXlgsbckEV1+Doai4fU="
    }
  }
}
